
Microsoft Visual Studio Solution File, Format Version 12.00
# Visual Studio Version 17
VisualStudioVersion = 17.0.31903.59
MinimumVisualStudioVersion = 10.0.40219.1
Project("{FAE04EC0-301F-11D3-BF4B-00C04F79EFBC}") = "SoapIt.Core", "SoapIt.Core\SoapIt.Core.csproj", "{8F271B86-1691-4EDB-9BDB-34CB22AC1B48}"
EndProject
Project("{FAE04EC0-301F-11D3-BF4B-00C04F79EFBC}") = "SoapIt", "SoapIt\SoapIt.csproj", "{C707EDB9-E77B-4D45-A9A2-CFFCD57A5404}"
EndProject
Global
	GlobalSection(SolutionConfigurationPlatforms) = preSolution
		Debug|Any CPU = Debug|Any CPU
		Release|Any CPU = Release|Any CPU
	EndGlobalSection
	GlobalSection(ProjectConfigurationPlatforms) = postSolution
		{8F271B86-1691-4EDB-9BDB-34CB22AC1B48}.Debug|Any CPU.ActiveCfg = Debug|Any CPU
		{8F271B86-1691-4EDB-9BDB-34CB22AC1B48}.Debug|Any CPU.Build.0 = Debug|Any CPU
		{8F271B86-1691-4EDB-9BDB-34CB22AC1B48}.Release|Any CPU.ActiveCfg = Release|Any CPU
		{8F271B86-1691-4EDB-9BDB-34CB22AC1B48}.Release|Any CPU.Build.0 = Release|Any CPU
		{C707EDB9-E77B-4D45-A9A2-CFFCD57A5404}.Debug|Any CPU.ActiveCfg = Debug|Any CPU
		{C707EDB9-E77B-4D45-A9A2-CFFCD57A5404}.Debug|Any CPU.Build.0 = Debug|Any CPU
		{C707EDB9-E77B-4D45-A9A2-CFFCD57A5404}.Release|Any CPU.ActiveCfg = Release|Any CPU
		{C707EDB9-E77B-4D45-A9A2-CFFCD57A5404}.Release|Any CPU.Build.0 = Release|Any CPU
	EndGlobalSection
	GlobalSection(SolutionProperties) = preSolution
		HideSolutionNode = FALSE
	EndGlobalSection
EndGlobal
